
Microsoft Visual Studio Solution File, Format Version 12.00
# Visual Studio 14
VisualStudioVersion = 14.0.25420.1
MinimumVisualStudioVersion = 10.0.40219.1
Project("{FAE04EC0-301F-11D3-BF4B-00C04F79EFBC}") = "NET.S.2019.Zueva.02", "NET.S.2019.Zueva.02\NET.S.2019.Zueva.02.csproj", "{BA73CE36-30C1-4419-9B1A-7FE46151939B}"
EndProject
Project("{FAE04EC0-301F-11D3-BF4B-00C04F79EFBC}") = "NumbersOperationsTesting", "NumbersOperationsTesting\NumbersOperationsTesting.csproj", "{A5991CAF-CCCF-4718-8735-CC4655B01556}"
EndProject
Project("{FAE04EC0-301F-11D3-BF4B-00C04F79EFBC}") = "MSUnitTests", "MSUnitTests\MSUnitTests.csproj", "{C553D3F7-8E90-48BB-ADE9-AB3A73FA669F}"
EndProject
Global
	GlobalSection(SolutionConfigurationPlatforms) = preSolution
		Debug|Any CPU = Debug|Any CPU
		Release|Any CPU = Release|Any CPU
	EndGlobalSection
	GlobalSection(ProjectConfigurationPlatforms) = postSolution
		{BA73CE36-30C1-4419-9B1A-7FE46151939B}.Debug|Any CPU.ActiveCfg = Debug|Any CPU
		{BA73CE36-30C1-4419-9B1A-7FE46151939B}.Debug|Any CPU.Build.0 = Debug|Any CPU
		{BA73CE36-30C1-4419-9B1A-7FE46151939B}.Release|Any CPU.ActiveCfg = Release|Any CPU
		{BA73CE36-30C1-4419-9B1A-7FE46151939B}.Release|Any CPU.Build.0 = Release|Any CPU
		{A5991CAF-CCCF-4718-8735-CC4655B01556}.Debug|Any CPU.ActiveCfg = Debug|Any CPU
		{A5991CAF-CCCF-4718-8735-CC4655B01556}.Debug|Any CPU.Build.0 = Debug|Any CPU
		{A5991CAF-CCCF-4718-8735-CC4655B01556}.Release|Any CPU.ActiveCfg = Release|Any CPU
		{A5991CAF-CCCF-4718-8735-CC4655B01556}.Release|Any CPU.Build.0 = Release|Any CPU
		{C553D3F7-8E90-48BB-ADE9-AB3A73FA669F}.Debug|Any CPU.ActiveCfg = Debug|Any CPU
		{C553D3F7-8E90-48BB-ADE9-AB3A73FA669F}.Debug|Any CPU.Build.0 = Debug|Any CPU
		{C553D3F7-8E90-48BB-ADE9-AB3A73FA669F}.Release|Any CPU.ActiveCfg = Release|Any CPU
		{C553D3F7-8E90-48BB-ADE9-AB3A73FA669F}.Release|Any CPU.Build.0 = Release|Any CPU
	EndGlobalSection
	GlobalSection(SolutionProperties) = preSolution
		HideSolutionNode = FALSE
	EndGlobalSection
EndGlobal
