
Microsoft Visual Studio Solution File, Format Version 12.00
# Visual Studio 14
VisualStudioVersion = 14.0.25420.1
MinimumVisualStudioVersion = 10.0.40219.1
Project("{FAE04EC0-301F-11D3-BF4B-00C04F79EFBC}") = "NET.S.2019.Zueva.04", "NET.S.2019.Zueva.04\NET.S.2019.Zueva.04.csproj", "{ECB359DC-FCFD-41AA-B102-268A4A5A8FAA}"
EndProject
Project("{FAE04EC0-301F-11D3-BF4B-00C04F79EFBC}") = "Tests", "Tests\Tests.csproj", "{3E747CC3-43F6-4E07-AA48-DC1343F91E1C}"
EndProject
Global
	GlobalSection(SolutionConfigurationPlatforms) = preSolution
		Debug|Any CPU = Debug|Any CPU
		Release|Any CPU = Release|Any CPU
	EndGlobalSection
	GlobalSection(ProjectConfigurationPlatforms) = postSolution
		{ECB359DC-FCFD-41AA-B102-268A4A5A8FAA}.Debug|Any CPU.ActiveCfg = Debug|Any CPU
		{ECB359DC-FCFD-41AA-B102-268A4A5A8FAA}.Debug|Any CPU.Build.0 = Debug|Any CPU
		{ECB359DC-FCFD-41AA-B102-268A4A5A8FAA}.Release|Any CPU.ActiveCfg = Release|Any CPU
		{ECB359DC-FCFD-41AA-B102-268A4A5A8FAA}.Release|Any CPU.Build.0 = Release|Any CPU
		{3E747CC3-43F6-4E07-AA48-DC1343F91E1C}.Debug|Any CPU.ActiveCfg = Debug|Any CPU
		{3E747CC3-43F6-4E07-AA48-DC1343F91E1C}.Debug|Any CPU.Build.0 = Debug|Any CPU
		{3E747CC3-43F6-4E07-AA48-DC1343F91E1C}.Release|Any CPU.ActiveCfg = Release|Any CPU
		{3E747CC3-43F6-4E07-AA48-DC1343F91E1C}.Release|Any CPU.Build.0 = Release|Any CPU
	EndGlobalSection
	GlobalSection(SolutionProperties) = preSolution
		HideSolutionNode = FALSE
	EndGlobalSection
EndGlobal
