
Microsoft Visual Studio Solution File, Format Version 12.00
# Visual Studio Version 16
VisualStudioVersion = 16.0.28729.10
MinimumVisualStudioVersion = 10.0.40219.1
Project("{FAE04EC0-301F-11D3-BF4B-00C04F79EFBC}") = "Book", "NET.S.2019.Zueva.08\Book.csproj", "{23DA2D7E-E2B1-401A-AB88-5CA1788DA142}"
EndProject
Project("{FAE04EC0-301F-11D3-BF4B-00C04F79EFBC}") = "BankAccount", "BankAccount\BankAccount.csproj", "{904FB3C2-BEC6-420D-B00B-89C29B7CE692}"
EndProject
Global
	GlobalSection(SolutionConfigurationPlatforms) = preSolution
		Debug|Any CPU = Debug|Any CPU
		Release|Any CPU = Release|Any CPU
	EndGlobalSection
	GlobalSection(ProjectConfigurationPlatforms) = postSolution
		{23DA2D7E-E2B1-401A-AB88-5CA1788DA142}.Debug|Any CPU.ActiveCfg = Debug|Any CPU
		{23DA2D7E-E2B1-401A-AB88-5CA1788DA142}.Debug|Any CPU.Build.0 = Debug|Any CPU
		{23DA2D7E-E2B1-401A-AB88-5CA1788DA142}.Release|Any CPU.ActiveCfg = Release|Any CPU
		{23DA2D7E-E2B1-401A-AB88-5CA1788DA142}.Release|Any CPU.Build.0 = Release|Any CPU
		{904FB3C2-BEC6-420D-B00B-89C29B7CE692}.Debug|Any CPU.ActiveCfg = Debug|Any CPU
		{904FB3C2-BEC6-420D-B00B-89C29B7CE692}.Debug|Any CPU.Build.0 = Debug|Any CPU
		{904FB3C2-BEC6-420D-B00B-89C29B7CE692}.Release|Any CPU.ActiveCfg = Release|Any CPU
		{904FB3C2-BEC6-420D-B00B-89C29B7CE692}.Release|Any CPU.Build.0 = Release|Any CPU
	EndGlobalSection
	GlobalSection(SolutionProperties) = preSolution
		HideSolutionNode = FALSE
	EndGlobalSection
	GlobalSection(ExtensibilityGlobals) = postSolution
		SolutionGuid = {9A7ED05E-5997-4795-AAF7-0F9385798BB7}
	EndGlobalSection
EndGlobal
