
Microsoft Visual Studio Solution File, Format Version 12.00
# Visual Studio Version 16
VisualStudioVersion = 16.0.28803.352
MinimumVisualStudioVersion = 10.0.40219.1
Project("{FAE04EC0-301F-11D3-BF4B-00C04F79EFBC}") = "NET.S_2019.Zueva_18", "NET.S_2019.Zueva_18\NET.S_2019.Zueva_18.csproj", "{78F9DE90-8696-47CC-BA79-6FAA90527483}"
EndProject
Global
	GlobalSection(SolutionConfigurationPlatforms) = preSolution
		Debug|Any CPU = Debug|Any CPU
		Release|Any CPU = Release|Any CPU
	EndGlobalSection
	GlobalSection(ProjectConfigurationPlatforms) = postSolution
		{78F9DE90-8696-47CC-BA79-6FAA90527483}.Debug|Any CPU.ActiveCfg = Debug|Any CPU
		{78F9DE90-8696-47CC-BA79-6FAA90527483}.Debug|Any CPU.Build.0 = Debug|Any CPU
		{78F9DE90-8696-47CC-BA79-6FAA90527483}.Release|Any CPU.ActiveCfg = Release|Any CPU
		{78F9DE90-8696-47CC-BA79-6FAA90527483}.Release|Any CPU.Build.0 = Release|Any CPU
	EndGlobalSection
	GlobalSection(SolutionProperties) = preSolution
		HideSolutionNode = FALSE
	EndGlobalSection
	GlobalSection(ExtensibilityGlobals) = postSolution
		SolutionGuid = {E75879BD-A499-4EEF-B08B-CF4152DD158A}
	EndGlobalSection
EndGlobal
