
Microsoft Visual Studio Solution File, Format Version 12.00
# Visual Studio Version 16
VisualStudioVersion = 16.0.28803.156
MinimumVisualStudioVersion = 10.0.40219.1
Project("{FAE04EC0-301F-11D3-BF4B-00C04F79EFBC}") = "NET.S_2019.Zueva_13", "NET.S_2019.Zueva_13\NET.S_2019.Zueva_13.csproj", "{658FE16F-1D4B-4383-82DE-2FA7F6104FBA}"
EndProject
Project("{FAE04EC0-301F-11D3-BF4B-00C04F79EFBC}") = "Matrices", "Matrices\Matrices.csproj", "{A2AB0F15-8627-446E-99D3-65BFC11AF6AD}"
EndProject
Project("{FAE04EC0-301F-11D3-BF4B-00C04F79EFBC}") = "BinarySearchTree", "BinarySearchTree\BinarySearchTree.csproj", "{D93F73CC-12D9-43A0-B5B1-904D24A403C6}"
EndProject
Global
	GlobalSection(SolutionConfigurationPlatforms) = preSolution
		Debug|Any CPU = Debug|Any CPU
		Release|Any CPU = Release|Any CPU
	EndGlobalSection
	GlobalSection(ProjectConfigurationPlatforms) = postSolution
		{658FE16F-1D4B-4383-82DE-2FA7F6104FBA}.Debug|Any CPU.ActiveCfg = Debug|Any CPU
		{658FE16F-1D4B-4383-82DE-2FA7F6104FBA}.Debug|Any CPU.Build.0 = Debug|Any CPU
		{658FE16F-1D4B-4383-82DE-2FA7F6104FBA}.Release|Any CPU.ActiveCfg = Release|Any CPU
		{658FE16F-1D4B-4383-82DE-2FA7F6104FBA}.Release|Any CPU.Build.0 = Release|Any CPU
		{A2AB0F15-8627-446E-99D3-65BFC11AF6AD}.Debug|Any CPU.ActiveCfg = Debug|Any CPU
		{A2AB0F15-8627-446E-99D3-65BFC11AF6AD}.Debug|Any CPU.Build.0 = Debug|Any CPU
		{A2AB0F15-8627-446E-99D3-65BFC11AF6AD}.Release|Any CPU.ActiveCfg = Release|Any CPU
		{A2AB0F15-8627-446E-99D3-65BFC11AF6AD}.Release|Any CPU.Build.0 = Release|Any CPU
		{D93F73CC-12D9-43A0-B5B1-904D24A403C6}.Debug|Any CPU.ActiveCfg = Debug|Any CPU
		{D93F73CC-12D9-43A0-B5B1-904D24A403C6}.Debug|Any CPU.Build.0 = Debug|Any CPU
		{D93F73CC-12D9-43A0-B5B1-904D24A403C6}.Release|Any CPU.ActiveCfg = Release|Any CPU
		{D93F73CC-12D9-43A0-B5B1-904D24A403C6}.Release|Any CPU.Build.0 = Release|Any CPU
	EndGlobalSection
	GlobalSection(SolutionProperties) = preSolution
		HideSolutionNode = FALSE
	EndGlobalSection
	GlobalSection(ExtensibilityGlobals) = postSolution
		SolutionGuid = {9BAD05AF-2444-499E-99BE-ADF2AE0E425A}
	EndGlobalSection
EndGlobal
